
Microsoft Visual Studio Solution File, Format Version 12.00
# Visual Studio Version 16
VisualStudioVersion = 16.0.29709.97
MinimumVisualStudioVersion = 10.0.40219.1
Project("{FAE04EC0-301F-11D3-BF4B-00C04F79EFBC}") = "opg1", "opg1\opg1.csproj", "{B7327F3D-187A-4310-94E1-601332CBE255}"
EndProject
Project("{FAE04EC0-301F-11D3-BF4B-00C04F79EFBC}") = "extention opgaver", "extention opgaver\extention opgaver.csproj", "{A07F9112-E56E-4B24-B544-9053E9659E66}"
EndProject
Global
	GlobalSection(SolutionConfigurationPlatforms) = preSolution
		Debug|Any CPU = Debug|Any CPU
		Release|Any CPU = Release|Any CPU
	EndGlobalSection
	GlobalSection(ProjectConfigurationPlatforms) = postSolution
		{B7327F3D-187A-4310-94E1-601332CBE255}.Debug|Any CPU.ActiveCfg = Debug|Any CPU
		{B7327F3D-187A-4310-94E1-601332CBE255}.Debug|Any CPU.Build.0 = Debug|Any CPU
		{B7327F3D-187A-4310-94E1-601332CBE255}.Release|Any CPU.ActiveCfg = Release|Any CPU
		{B7327F3D-187A-4310-94E1-601332CBE255}.Release|Any CPU.Build.0 = Release|Any CPU
		{A07F9112-E56E-4B24-B544-9053E9659E66}.Debug|Any CPU.ActiveCfg = Debug|Any CPU
		{A07F9112-E56E-4B24-B544-9053E9659E66}.Debug|Any CPU.Build.0 = Debug|Any CPU
		{A07F9112-E56E-4B24-B544-9053E9659E66}.Release|Any CPU.ActiveCfg = Release|Any CPU
		{A07F9112-E56E-4B24-B544-9053E9659E66}.Release|Any CPU.Build.0 = Release|Any CPU
	EndGlobalSection
	GlobalSection(SolutionProperties) = preSolution
		HideSolutionNode = FALSE
	EndGlobalSection
	GlobalSection(ExtensibilityGlobals) = postSolution
		SolutionGuid = {CE2A548E-26B4-4778-87B3-73E5F9F23F19}
	EndGlobalSection
EndGlobal
